
Microsoft Visual Studio Solution File, Format Version 12.00
# Visual Studio Version 16
VisualStudioVersion = 16.0.30114.105
MinimumVisualStudioVersion = 10.0.40219.1
Project("{FAE04EC0-301F-11D3-BF4B-00C04F79EFBC}") = "MegaManXPasswordGenerator", "MegaManXPasswordGenerator\MegaManXPasswordGenerator.csproj", "{616E1B73-7989-41CA-B2DD-164B554F0150}"
EndProject
Global
	GlobalSection(SolutionConfigurationPlatforms) = preSolution
		Debug|Any CPU = Debug|Any CPU
		Release|Any CPU = Release|Any CPU
	EndGlobalSection
	GlobalSection(ProjectConfigurationPlatforms) = postSolution
		{616E1B73-7989-41CA-B2DD-164B554F0150}.Debug|Any CPU.ActiveCfg = Debug|Any CPU
		{616E1B73-7989-41CA-B2DD-164B554F0150}.Debug|Any CPU.Build.0 = Debug|Any CPU
		{616E1B73-7989-41CA-B2DD-164B554F0150}.Release|Any CPU.ActiveCfg = Release|Any CPU
		{616E1B73-7989-41CA-B2DD-164B554F0150}.Release|Any CPU.Build.0 = Release|Any CPU
	EndGlobalSection
	GlobalSection(SolutionProperties) = preSolution
		HideSolutionNode = FALSE
	EndGlobalSection
	GlobalSection(ExtensibilityGlobals) = postSolution
		SolutionGuid = {2CD1BB0D-3187-4225-B6EA-D8621FC3564D}
	EndGlobalSection
EndGlobal
